{
  "name": "@okta/okta-angular",
  "version": "0.1.0",
  "lockfileVersion": 1,
  "requires": true,
  "dependencies": {
    "@angular/common": {
      "version": "4.4.0-RC.0",
      "resolved": "https://registry.npmjs.org/@angular/common/-/common-4.4.0-RC.0.tgz",
      "integrity": "sha1-rS0IU6YtLoe7oL3WWI2m+l8tq7g=",
      "requires": {
        "tslib": "1.7.1"
      }
    },
    "@angular/core": {
      "version": "4.4.0-RC.0",
      "resolved": "https://registry.npmjs.org/@angular/core/-/core-4.4.0-RC.0.tgz",
      "integrity": "sha1-bxsF1Y2+guLNMpzT3AZm82xgw48=",
      "requires": {
        "tslib": "1.7.1"
      }
    },
    "@angular/platform-browser": {
      "version": "4.4.0-RC.0",
      "resolved": "https://registry.npmjs.org/@angular/platform-browser/-/platform-browser-4.4.0-RC.0.tgz",
      "integrity": "sha1-t8W4tjiFZMdLBRD4dQ4tdJJBPO4=",
      "requires": {
        "tslib": "1.7.1"
      }
    },
    "@angular/router": {
      "version": "4.4.0-RC.0",
      "resolved": "https://registry.npmjs.org/@angular/router/-/router-4.4.0-RC.0.tgz",
      "integrity": "sha1-72wHXxZkqf5nf6VCM0cH5nBGHuA=",
      "requires": {
        "tslib": "1.7.1"
      }
    },
    "@okta/okta-auth-js": {
      "version": "1.8.0",
      "resolved": "https://registry.npmjs.org/@okta/okta-auth-js/-/okta-auth-js-1.8.0.tgz",
      "integrity": "sha1-D9c2XyHIcznV4ko2tP4FJDC3xyg=",
      "requires": {
        "Base64": "0.3.0",
        "q": "1.4.1",
        "reqwest": "2.0.5",
        "tiny-emitter": "1.1.0",
        "xhr2": "0.1.3"
      }
    },
    "Base64": {
      "version": "0.3.0",
      "resolved": "https://registry.npmjs.org/Base64/-/Base64-0.3.0.tgz",
      "integrity": "sha1-baJhpOgNT6D1xoQlTlvM0Wu9zp8="
    },
    "q": {
      "version": "1.4.1",
      "resolved": "https://registry.npmjs.org/q/-/q-1.4.1.tgz",
      "integrity": "sha1-VXBbzZPF82c1MMLCy8DCs63cKG4="
    },
    "reqwest": {
      "version": "2.0.5",
      "resolved": "https://registry.npmjs.org/reqwest/-/reqwest-2.0.5.tgz",
      "integrity": "sha1-APsVrEkYxBnKgrQ/JMeIguZgOaE="
    },
    "rxjs": {
      "version": "5.4.3",
      "resolved": "https://registry.npmjs.org/rxjs/-/rxjs-5.4.3.tgz",
      "integrity": "sha512-fSNi+y+P9ss+EZuV0GcIIqPUK07DEaMRUtLJvdcvMyFjc9dizuDjere+A4V7JrLGnm9iCc+nagV/4QdMTkqC4A==",
      "requires": {
        "symbol-observable": "1.0.4"
      }
    },
    "symbol-observable": {
      "version": "1.0.4",
      "resolved": "https://registry.npmjs.org/symbol-observable/-/symbol-observable-1.0.4.tgz",
      "integrity": "sha1-Kb9hXUqnEhvdiYsi1LP5vE4qoD0="
    },
    "tiny-emitter": {
      "version": "1.1.0",
      "resolved": "https://registry.npmjs.org/tiny-emitter/-/tiny-emitter-1.1.0.tgz",
      "integrity": "sha1-q0BaIf/tgUp2wZc5ZICT1wZU/ss="
    },
    "tslib": {
      "version": "1.7.1",
      "resolved": "https://registry.npmjs.org/tslib/-/tslib-1.7.1.tgz",
      "integrity": "sha1-vIAEFkaRkjp5/oN4u+s9ogF1OOw="
    },
    "xhr2": {
      "version": "0.1.3",
      "resolved": "https://registry.npmjs.org/xhr2/-/xhr2-0.1.3.tgz",
      "integrity": "sha1-y/xHWaabSoiOeM9PILBRA4dXvRE="
    },
    "zone.js": {
      "version": "0.8.17",
      "resolved": "https://registry.npmjs.org/zone.js/-/zone.js-0.8.17.tgz",
      "integrity": "sha1-TF5RhahX2o2nk9rzkZNxxaNrKgs="
    }
  }
}
